
Microsoft Visual Studio Solution File, Format Version 12.00
# Visual Studio Version 17
VisualStudioVersion = 17.5.002.0
MinimumVisualStudioVersion = 10.0.40219.1
Project("{9A19103F-16F7-4668-BE54-9A1E7A4F7556}") = "fichero", "fichero.csproj", "{D760826A-9E03-4FCC-A56B-A3FA512B480B}"
EndProject
Global
	GlobalSection(SolutionConfigurationPlatforms) = preSolution
		Debug|Any CPU = Debug|Any CPU
		Release|Any CPU = Release|Any CPU
	EndGlobalSection
	GlobalSection(ProjectConfigurationPlatforms) = postSolution
		{D760826A-9E03-4FCC-A56B-A3FA512B480B}.Debug|Any CPU.ActiveCfg = Debug|Any CPU
		{D760826A-9E03-4FCC-A56B-A3FA512B480B}.Debug|Any CPU.Build.0 = Debug|Any CPU
		{D760826A-9E03-4FCC-A56B-A3FA512B480B}.Release|Any CPU.ActiveCfg = Release|Any CPU
		{D760826A-9E03-4FCC-A56B-A3FA512B480B}.Release|Any CPU.Build.0 = Release|Any CPU
	EndGlobalSection
	GlobalSection(SolutionProperties) = preSolution
		HideSolutionNode = FALSE
	EndGlobalSection
	GlobalSection(ExtensibilityGlobals) = postSolution
		SolutionGuid = {FFA13234-98EC-441A-AA61-A1CE0B4A974D}
	EndGlobalSection
EndGlobal
